// !$*UTF8*$!
{
	archiveVersion = 1;
	classes = {
	};
	objectVersion = 77;
	objects = {

/* Begin PBXContainerItemProxy section */
		0E033F822E52B477005BFEEF /* PBXContainerItemProxy */ = {
			isa = PBXContainerItemProxy;
			containerPortal = 0E033F6A2E52B474005BFEEF /* Project object */;
			proxyType = 1;
			remoteGlobalIDString = 0E033F712E52B474005BFEEF;
			remoteInfo = YAKUSOKU;
		};
		0E033F8C2E52B477005BFEEF /* PBXContainerItemProxy */ = {
			isa = PBXContainerItemProxy;
			containerPortal = 0E033F6A2E52B474005BFEEF /* Project object */;
			proxyType = 1;
			remoteGlobalIDString = 0E033F712E52B474005BFEEF;
			remoteInfo = YAKUSOKU;
		};
/* End PBXContainerItemProxy section */

/* Begin PBXFileReference section */
		0E033F722E52B474005BFEEF /* YAKUSOKU.app */ = {isa = PBXFileReference; explicitFileType = wrapper.application; includeInIndex = 0; path = YAKUSOKU.app; sourceTree = BUILT_PRODUCTS_DIR; };
		0E033F812E52B477005BFEEF /* YAKUSOKUTests.xctest */ = {isa = PBXFileReference; explicitFileType = wrapper.cfbundle; includeInIndex = 0; path = YAKUSOKUTests.xctest; sourceTree = BUILT_PRODUCTS_DIR; };
		0E033F8B2E52B477005BFEEF /* YAKUSOKUUITests.xctest */ = {isa = PBXFileReference; explicitFileType = wrapper.cfbundle; includeInIndex = 0; path = YAKUSOKUUITests.xctest; sourceTree = BUILT_PRODUCTS_DIR; };
/* End PBXFileReference section */

/* Begin PBXFileSystemSynchronizedRootGroup section */
		0E033F742E52B474005BFEEF /* YAKUSOKU */ = {
			isa = PBXFileSystemSynchronizedRootGroup;
			path = YAKUSOKU;
			sourceTree = "<group>";
		};
		0E033F842E52B477005BFEEF /* YAKUSOKUTests */ = {
			isa = PBXFileSystemSynchronizedRootGroup;
			path = YAKUSOKUTests;
			sourceTree = "<group>";
		};
		0E033F8E2E52B477005BFEEF /* YAKUSOKUUITests */ = {
			isa = PBXFileSystemSynchronizedRootGroup;
			path = YAKUSOKUUITests;
			sourceTree = "<group>";
		};
/* End PBXFileSystemSynchronizedRootGroup section */

/* Begin PBXFrameworksBuildPhase section */
		0E033F6F2E52B474005BFEEF /* Frameworks */ = {
			isa = PBXFrameworksBuildPhase;
			buildActionMask = 2147483647;
			files = (
			);
			runOnlyForDeploymentPostprocessing = 0;
		};
		0E033F7E2E52B477005BFEEF /* Frameworks */ = {
			isa = PBXFrameworksBuildPhase;
			buildActionMask = 2147483647;
			files = (
			);
			runOnlyForDeploymentPostprocessing = 0;
		};
		0E033F882E52B477005BFEEF /* Frameworks */ = {
			isa = PBXFrameworksBuildPhase;
			buildActionMask = 2147483647;
			files = (
			);
			runOnlyForDeploymentPostprocessing = 0;
		};
/* End PBXFrameworksBuildPhase section */

/* Begin PBXGroup section */
		0E033F692E52B474005BFEEF = {
			isa = PBXGroup;
			children = (
				0E033F742E52B474005BFEEF /* YAKUSOKU */,
				0E033F842E52B477005BFEEF /* YAKUSOKUTests */,
				0E033F8E2E52B477005BFEEF /* YAKUSOKUUITests */,
				0E033F732E52B474005BFEEF /* Products */,
			);
			sourceTree = "<group>";
		};
		0E033F732E52B474005BFEEF /* Products */ = {
			isa = PBXGroup;
			children = (
				0E033F722E52B474005BFEEF /* YAKUSOKU.app */,
				0E033F812E52B477005BFEEF /* YAKUSOKUTests.xctest */,
				0E033F8B2E52B477005BFEEF /* YAKUSOKUUITests.xctest */,
			);
			name = Products;
			sourceTree = "<group>";
		};
/* End PBXGroup section */

/* Begin PBXNativeTarget section */
		0E033F712E52B474005BFEEF /* YAKUSOKU */ = {
			isa = PBXNativeTarget;
			buildConfigurationList = 0E033F952E52B477005BFEEF /* Build configuration list for PBXNativeTarget "YAKUSOKU" */;
			buildPhases = (
				0E033F6E2E52B474005BFEEF /* Sources */,
				0E033F6F2E52B474005BFEEF /* Frameworks */,
				0E033F702E52B474005BFEEF /* Resources */,
			);
			buildRules = (
			);
			dependencies = (
			);
			fileSystemSynchronizedGroups = (
				0E033F742E52B474005BFEEF /* YAKUSOKU */,
			);
			name = YAKUSOKU;
			packageProductDependencies = (
			);
			productName = YAKUSOKU;
			productReference = 0E033F722E52B474005BFEEF /* YAKUSOKU.app */;
			productType = "com.apple.product-type.application";
		};
		0E033F802E52B477005BFEEF /* YAKUSOKUTests */ = {
			isa = PBXNativeTarget;
			buildConfigurationList = 0E033F982E52B477005BFEEF /* Build configuration list for PBXNativeTarget "YAKUSOKUTests" */;
			buildPhases = (
				0E033F7D2E52B477005BFEEF /* Sources */,
				0E033F7E2E52B477005BFEEF /* Frameworks */,
				0E033F7F2E52B477005BFEEF /* Resources */,
			);
			buildRules = (
			);
			dependencies = (
				0E033F832E52B477005BFEEF /* PBXTargetDependency */,
			);
			fileSystemSynchronizedGroups = (
				0E033F842E52B477005BFEEF /* YAKUSOKUTests */,
			);
			name = YAKUSOKUTests;
			packageProductDependencies = (
			);
			productName = YAKUSOKUTests;
			productReference = 0E033F812E52B477005BFEEF /* YAKUSOKUTests.xctest */;
			productType = "com.apple.product-type.bundle.unit-test";
		};
		0E033F8A2E52B477005BFEEF /* YAKUSOKUUITests */ = {
			isa = PBXNativeTarget;
			buildConfigurationList = 0E033F9B2E52B477005BFEEF /* Build configuration list for PBXNativeTarget "YAKUSOKUUITests" */;
			buildPhases = (
				0E033F872E52B477005BFEEF /* Sources */,
				0E033F882E52B477005BFEEF /* Frameworks */,
				0E033F892E52B477005BFEEF /* Resources */,
			);
			buildRules = (
			);
			dependencies = (
				0E033F8D2E52B477005BFEEF /* PBXTargetDependency */,
			);
			fileSystemSynchronizedGroups = (
				0E033F8E2E52B477005BFEEF /* YAKUSOKUUITests */,
			);
			name = YAKUSOKUUITests;
			packageProductDependencies = (
			);
			productName = YAKUSOKUUITests;
			productReference = 0E033F8B2E52B477005BFEEF /* YAKUSOKUUITests.xctest */;
			productType = "com.apple.product-type.bundle.ui-testing";
		};
/* End PBXNativeTarget section */

/* Begin PBXProject section */
		0E033F6A2E52B474005BFEEF /* Project object */ = {
			isa = PBXProject;
			attributes = {
				BuildIndependentTargetsInParallel = 1;
				LastSwiftUpdateCheck = 1640;
				LastUpgradeCheck = 1640;
				TargetAttributes = {
					0E033F712E52B474005BFEEF = {
						CreatedOnToolsVersion = 16.4;
					};
					0E033F802E52B477005BFEEF = {
						CreatedOnToolsVersion = 16.4;
						TestTargetID = 0E033F712E52B474005BFEEF;
					};
					0E033F8A2E52B477005BFEEF = {
						CreatedOnToolsVersion = 16.4;
						TestTargetID = 0E033F712E52B474005BFEEF;
					};
				};
			};
			buildConfigurationList = 0E033F6D2E52B474005BFEEF /* Build configuration list for PBXProject "YAKUSOKU" */;
			developmentRegion = en;
			hasScannedForEncodings = 0;
			knownRegions = (
				en,
				Base,
			);
			mainGroup = 0E033F692E52B474005BFEEF;
			minimizedProjectReferenceProxies = 1;
			preferredProjectObjectVersion = 77;
			productRefGroup = 0E033F732E52B474005BFEEF /* Products */;
			projectDirPath = "";
			projectRoot = "";
			targets = (
				0E033F712E52B474005BFEEF /* YAKUSOKU */,
				0E033F802E52B477005BFEEF /* YAKUSOKUTests */,
				0E033F8A2E52B477005BFEEF /* YAKUSOKUUITests */,
			);
		};
/* End PBXProject section */

/* Begin PBXResourcesBuildPhase section */
		0E033F702E52B474005BFEEF /* Resources */ = {
			isa = PBXResourcesBuildPhase;
			buildActionMask = 2147483647;
			files = (
			);
			runOnlyForDeploymentPostprocessing = 0;
		};
		0E033F7F2E52B477005BFEEF /* Resources */ = {
			isa = PBXResourcesBuildPhase;
			buildActionMask = 2147483647;
			files = (
			);
			runOnlyForDeploymentPostprocessing = 0;
		};
		0E033F892E52B477005BFEEF /* Resources */ = {
			isa = PBXResourcesBuildPhase;
			buildActionMask = 2147483647;
			files = (
			);
			runOnlyForDeploymentPostprocessing = 0;
		};
/* End PBXResourcesBuildPhase section */

/* Begin PBXSourcesBuildPhase section */
		0E033F6E2E52B474005BFEEF /* Sources */ = {
			isa = PBXSourcesBuildPhase;
			buildActionMask = 2147483647;
			files = (
			);
			runOnlyForDeploymentPostprocessing = 0;
		};
		0E033F7D2E52B477005BFEEF /* Sources */ = {
			isa = PBXSourcesBuildPhase;
			buildActionMask = 2147483647;
			files = (
			);
			runOnlyForDeploymentPostprocessing = 0;
		};
		0E033F872E52B477005BFEEF /* Sources */ = {
			isa = PBXSourcesBuildPhase;
			buildActionMask = 2147483647;
			files = (
			);
			runOnlyForDeploymentPostprocessing = 0;
		};
/* End PBXSourcesBuildPhase section */

/* Begin PBXTargetDependency section */
		0E033F832E52B477005BFEEF /* PBXTargetDependency */ = {
			isa = PBXTargetDependency;
			target = 0E033F712E52B474005BFEEF /* YAKUSOKU */;
			targetProxy = 0E033F822E52B477005BFEEF /* PBXContainerItemProxy */;
		};
		0E033F8D2E52B477005BFEEF /* PBXTargetDependency */ = {
			isa = PBXTargetDependency;
			target = 0E033F712E52B474005BFEEF /* YAKUSOKU */;
			targetProxy = 0E033F8C2E52B477005BFEEF /* PBXContainerItemProxy */;
		};
/* End PBXTargetDependency section */

/* Begin XCBuildConfiguration section */
		0E033F932E52B477005BFEEF /* Debug */ = {
			isa = XCBuildConfiguration;
			buildSettings = {
				ALWAYS_SEARCH_USER_PATHS = NO;
				ASSETCATALOG_COMPILER_GENERATE_SWIFT_ASSET_SYMBOL_EXTENSIONS = YES;
				CLANG_ANALYZER_NONNULL = YES;
				CLANG_ANALYZER_NUMBER_OBJECT_CONVERSION = YES_AGGRESSIVE;
				CLANG_CXX_LANGUAGE_STANDARD = "gnu++20";
				CLANG_ENABLE_MODULES = YES;
				CLANG_ENABLE_OBJC_ARC = YES;
				CLANG_ENABLE_OBJC_WEAK = YES;
				CLANG_WARN_BLOCK_CAPTURE_AUTORELEASING = YES;
				CLANG_WARN_BOOL_CONVERSION = YES;
				CLANG_WARN_COMMA = YES;
				CLANG_WARN_CONSTANT_CONVERSION = YES;
				CLANG_WARN_DEPRECATED_OBJC_IMPLEMENTATIONS = YES;
				CLANG_WARN_DIRECT_OBJC_ISA_USAGE = YES_ERROR;
				CLANG_WARN_DOCUMENTATION_COMMENTS = YES;
				CLANG_WARN_EMPTY_BODY = YES;
				CLANG_WARN_ENUM_CONVERSION = YES;
				CLANG_WARN_INFINITE_RECURSION = YES;
				CLANG_WARN_INT_CONVERSION = YES;
				CLANG_WARN_NON_LITERAL_NULL_CONVERSION = YES;
				CLANG_WARN_OBJC_IMPLICIT_RETAIN_SELF = YES;
				CLANG_WARN_OBJC_LITERAL_CONVERSION = YES;
				CLANG_WARN_OBJC_ROOT_CLASS = YES_ERROR;
				CLANG_WARN_QUOTED_INCLUDE_IN_FRAMEWORK_HEADER = YES;
				CLANG_WARN_RANGE_LOOP_ANALYSIS = YES;
				CLANG_WARN_STRICT_PROTOTYPES = YES;
				CLANG_WARN_SUSPICIOUS_MOVE = YES;
				CLANG_WARN_UNGUARDED_AVAILABILITY = YES_AGGRESSIVE;
				CLANG_WARN_UNREACHABLE_CODE = YES;
				CLANG_WARN__DUPLICATE_METHOD_MATCH = YES;
				COPY_PHASE_STRIP = NO;
				DEBUG_INFORMATION_FORMAT = dwarf;
				DEVELOPMENT_TEAM = BPWY64KZM4;
				ENABLE_STRICT_OBJC_MSGSEND = YES;
				ENABLE_TESTABILITY = YES;
				ENABLE_USER_SCRIPT_SANDBOXING = YES;
				GCC_C_LANGUAGE_STANDARD = gnu17;
				GCC_DYNAMIC_NO_PIC = NO;
				GCC_NO_COMMON_BLOCKS = YES;
				GCC_OPTIMIZATION_LEVEL = 0;
				GCC_PREPROCESSOR_DEFINITIONS = (
					"DEBUG=1",
					"$(inherited)",
				);
				GCC_WARN_64_TO_32_BIT_CONVERSION = YES;
				GCC_WARN_ABOUT_RETURN_TYPE = YES_ERROR;
				GCC_WARN_UNDECLARED_SELECTOR = YES;
				GCC_WARN_UNINITIALIZED_AUTOS = YES_AGGRESSIVE;
				GCC_WARN_UNUSED_FUNCTION = YES;
				GCC_WARN_UNUSED_VARIABLE = YES;
				IPHONEOS_DEPLOYMENT_TARGET = 18.5;
				LOCALIZATION_PREFERS_STRING_CATALOGS = YES;
				MTL_ENABLE_DEBUG_INFO = INCLUDE_SOURCE;
				MTL_FAST_MATH = YES;
				ONLY_ACTIVE_ARCH = YES;
				SDKROOT = iphoneos;
				SWIFT_ACTIVE_COMPILATION_CONDITIONS = "DEBUG $(inherited)";
				SWIFT_OPTIMIZATION_LEVEL = "-Onone";
			};
			name = Debug;
		};
		0E033F942E52B477005BFEEF /* Release */ = {
			isa = XCBuildConfiguration;
			buildSettings = {
				ALWAYS_SEARCH_USER_PATHS = NO;
				ASSETCATALOG_COMPILER_GENERATE_SWIFT_ASSET_SYMBOL_EXTENSIONS = YES;
				CLANG_ANALYZER_NONNULL = YES;
				CLANG_ANALYZER_NUMBER_OBJECT_CONVERSION = YES_AGGRESSIVE;
				CLANG_CXX_LANGUAGE_STANDARD = "gnu++20";
				CLANG_ENABLE_MODULES = YES;
				CLANG_ENABLE_OBJC_ARC = YES;
				CLANG_ENABLE_OBJC_WEAK = YES;
				CLANG_WARN_BLOCK_CAPTURE_AUTORELEASING = YES;
				CLANG_WARN_BOOL_CONVERSION = YES;
				CLANG_WARN_COMMA = YES;
				CLANG_WARN_CONSTANT_CONVERSION = YES;
				CLANG_WARN_DEPRECATED_OBJC_IMPLEMENTATIONS = YES;
				CLANG_WARN_DIRECT_OBJC_ISA_USAGE = YES_ERROR;
				CLANG_WARN_DOCUMENTATION_COMMENTS = YES;
				CLANG_WARN_EMPTY_BODY = YES;
				CLANG_WARN_ENUM_CONVERSION = YES;
				CLANG_WARN_INFINITE_RECURSION = YES;
				CLANG_WARN_INT_CONVERSION = YES;
				CLANG_WARN_NON_LITERAL_NULL_CONVERSION = YES;
				CLANG_WARN_OBJC_IMPLICIT_RETAIN_SELF = YES;
				CLANG_WARN_OBJC_LITERAL_CONVERSION = YES;
				CLANG_WARN_OBJC_ROOT_CLASS = YES_ERROR;
				CLANG_WARN_QUOTED_INCLUDE_IN_FRAMEWORK_HEADER = YES;
				CLANG_WARN_RANGE_LOOP_ANALYSIS = YES;
				CLANG_WARN_STRICT_PROTOTYPES = YES;
				CLANG_WARN_SUSPICIOUS_MOVE = YES;
				CLANG_WARN_UNGUARDED_AVAILABILITY = YES_AGGRESSIVE;
				CLANG_WARN_UNREACHABLE_CODE = YES;
				CLANG_WARN__DUPLICATE_METHOD_MATCH = YES;
				COPY_PHASE_STRIP = NO;
				DEBUG_INFORMATION_FORMAT = "dwarf-with-dsym";
				DEVELOPMENT_TEAM = BPWY64KZM4;
				ENABLE_NS_ASSERTIONS = NO;
				ENABLE_STRICT_OBJC_MSGSEND = YES;
				ENABLE_USER_SCRIPT_SANDBOXING = YES;
				GCC_C_LANGUAGE_STANDARD = gnu17;
				GCC_NO_COMMON_BLOCKS = YES;
				GCC_WARN_64_TO_32_BIT_CONVERSION = YES;
				GCC_WARN_ABOUT_RETURN_TYPE = YES_ERROR;
				GCC_WARN_UNDECLARED_SELECTOR = YES;
				GCC_WARN_UNINITIALIZED_AUTOS = YES_AGGRESSIVE;
				GCC_WARN_UNUSED_FUNCTION = YES;
				GCC_WARN_UNUSED_VARIABLE = YES;
				IPHONEOS_DEPLOYMENT_TARGET = 18.5;
				LOCALIZATION_PREFERS_STRING_CATALOGS = YES;
				MTL_ENABLE_DEBUG_INFO = NO;
				MTL_FAST_MATH = YES;
				SDKROOT = iphoneos;
				SWIFT_COMPILATION_MODE = wholemodule;
				VALIDATE_PRODUCT = YES;
			};
			name = Release;
		};
		0E033F962E52B477005BFEEF /* Debug */ = {
			isa = XCBuildConfiguration;
			buildSettings = {
				ASSETCATALOG_COMPILER_APPICON_NAME = AppIcon;
				ASSETCATALOG_COMPILER_GLOBAL_ACCENT_COLOR_NAME = AccentColor;
				CODE_SIGN_STYLE = Automatic;
				CURRENT_PROJECT_VERSION = 1;
				DEVELOPMENT_TEAM = BPWY64KZM4;
				ENABLE_PREVIEWS = YES;
				GENERATE_INFOPLIST_FILE = YES;
				INFOPLIST_KEY_UIApplicationSceneManifest_Generation = YES;
				INFOPLIST_KEY_UIApplicationSupportsIndirectInputEvents = YES;
				INFOPLIST_KEY_UILaunchScreen_Generation = YES;
				INFOPLIST_KEY_UISupportedInterfaceOrientations_iPad = "UIInterfaceOrientationPortrait UIInterfaceOrientationPortraitUpsideDown UIInterfaceOrientationLandscapeLeft UIInterfaceOrientationLandscapeRight";
				INFOPLIST_KEY_UISupportedInterfaceOrientations_iPhone = "UIInterfaceOrientationPortrait UIInterfaceOrientationLandscapeLeft UIInterfaceOrientationLandscapeRight";
				LD_RUNPATH_SEARCH_PATHS = (
					"$(inherited)",
					"@executable_path/Frameworks",
				);
				MARKETING_VERSION = 1.0;
				PRODUCT_BUNDLE_IDENTIFIER = com.ideamp.YAKUSOKU;
				PRODUCT_NAME = "$(TARGET_NAME)";
				SWIFT_EMIT_LOC_STRINGS = YES;
				SWIFT_VERSION = 5.0;
				TARGETED_DEVICE_FAMILY = "1,2";
			};
			name = Debug;
		};
		0E033F972E52B477005BFEEF /* Release */ = {
			isa = XCBuildConfiguration;
			buildSettings = {
				ASSETCATALOG_COMPILER_APPICON_NAME = AppIcon;
				ASSETCATALOG_COMPILER_GLOBAL_ACCENT_COLOR_NAME = AccentColor;
				CODE_SIGN_STYLE = Automatic;
				CURRENT_PROJECT_VERSION = 1;
				DEVELOPMENT_TEAM = BPWY64KZM4;
				ENABLE_PREVIEWS = YES;
				GENERATE_INFOPLIST_FILE = YES;
				INFOPLIST_KEY_UIApplicationSceneManifest_Generation = YES;
				INFOPLIST_KEY_UIApplicationSupportsIndirectInputEvents = YES;
				INFOPLIST_KEY_UILaunchScreen_Generation = YES;
				INFOPLIST_KEY_UISupportedInterfaceOrientations_iPad = "UIInterfaceOrientationPortrait UIInterfaceOrientationPortraitUpsideDown UIInterfaceOrientationLandscapeLeft UIInterfaceOrientationLandscapeRight";
				INFOPLIST_KEY_UISupportedInterfaceOrientations_iPhone = "UIInterfaceOrientationPortrait UIInterfaceOrientationLandscapeLeft UIInterfaceOrientationLandscapeRight";
				LD_RUNPATH_SEARCH_PATHS = (
					"$(inherited)",
					"@executable_path/Frameworks",
				);
				MARKETING_VERSION = 1.0;
				PRODUCT_BUNDLE_IDENTIFIER = com.ideamp.YAKUSOKU;
				PRODUCT_NAME = "$(TARGET_NAME)";
				SWIFT_EMIT_LOC_STRINGS = YES;
				SWIFT_VERSION = 5.0;
				TARGETED_DEVICE_FAMILY = "1,2";
			};
			name = Release;
		};
		0E033F992E52B477005BFEEF /* Debug */ = {
			isa = XCBuildConfiguration;
			buildSettings = {
				BUNDLE_LOADER = "$(TEST_HOST)";
				CODE_SIGN_STYLE = Automatic;
				CURRENT_PROJECT_VERSION = 1;
				DEVELOPMENT_TEAM = BPWY64KZM4;
				GENERATE_INFOPLIST_FILE = YES;
				IPHONEOS_DEPLOYMENT_TARGET = 18.5;
				MARKETING_VERSION = 1.0;
				PRODUCT_BUNDLE_IDENTIFIER = com.ideamp.YAKUSOKUTests;
				PRODUCT_NAME = "$(TARGET_NAME)";
				SWIFT_EMIT_LOC_STRINGS = NO;
				SWIFT_VERSION = 5.0;
				TARGETED_DEVICE_FAMILY = "1,2";
				TEST_HOST = "$(BUILT_PRODUCTS_DIR)/YAKUSOKU.app/$(BUNDLE_EXECUTABLE_FOLDER_PATH)/YAKUSOKU";
			};
			name = Debug;
		};
		0E033F9A2E52B477005BFEEF /* Release */ = {
			isa = XCBuildConfiguration;
			buildSettings = {
				BUNDLE_LOADER = "$(TEST_HOST)";
				CODE_SIGN_STYLE = Automatic;
				CURRENT_PROJECT_VERSION = 1;
				DEVELOPMENT_TEAM = BPWY64KZM4;
				GENERATE_INFOPLIST_FILE = YES;
				IPHONEOS_DEPLOYMENT_TARGET = 18.5;
				MARKETING_VERSION = 1.0;
				PRODUCT_BUNDLE_IDENTIFIER = com.ideamp.YAKUSOKUTests;
				PRODUCT_NAME = "$(TARGET_NAME)";
				SWIFT_EMIT_LOC_STRINGS = NO;
				SWIFT_VERSION = 5.0;
				TARGETED_DEVICE_FAMILY = "1,2";
				TEST_HOST = "$(BUILT_PRODUCTS_DIR)/YAKUSOKU.app/$(BUNDLE_EXECUTABLE_FOLDER_PATH)/YAKUSOKU";
			};
			name = Release;
		};
		0E033F9C2E52B477005BFEEF /* Debug */ = {
			isa = XCBuildConfiguration;
			buildSettings = {
				CODE_SIGN_STYLE = Automatic;
				CURRENT_PROJECT_VERSION = 1;
				DEVELOPMENT_TEAM = BPWY64KZM4;
				GENERATE_INFOPLIST_FILE = YES;
				MARKETING_VERSION = 1.0;
				PRODUCT_BUNDLE_IDENTIFIER = com.ideamp.YAKUSOKUUITests;
				PRODUCT_NAME = "$(TARGET_NAME)";
				SWIFT_EMIT_LOC_STRINGS = NO;
				SWIFT_VERSION = 5.0;
				TARGETED_DEVICE_FAMILY = "1,2";
				TEST_TARGET_NAME = YAKUSOKU;
			};
			name = Debug;
		};
		0E033F9D2E52B477005BFEEF /* Release */ = {
			isa = XCBuildConfiguration;
			buildSettings = {
				CODE_SIGN_STYLE = Automatic;
				CURRENT_PROJECT_VERSION = 1;
				DEVELOPMENT_TEAM = BPWY64KZM4;
				GENERATE_INFOPLIST_FILE = YES;
				MARKETING_VERSION = 1.0;
				PRODUCT_BUNDLE_IDENTIFIER = com.ideamp.YAKUSOKUUITests;
				PRODUCT_NAME = "$(TARGET_NAME)";
				SWIFT_EMIT_LOC_STRINGS = NO;
				SWIFT_VERSION = 5.0;
				TARGETED_DEVICE_FAMILY = "1,2";
				TEST_TARGET_NAME = YAKUSOKU;
			};
			name = Release;
		};
/* End XCBuildConfiguration section */

/* Begin XCConfigurationList section */
		0E033F6D2E52B474005BFEEF /* Build configuration list for PBXProject "YAKUSOKU" */ = {
			isa = XCConfigurationList;
			buildConfigurations = (
				0E033F932E52B477005BFEEF /* Debug */,
				0E033F942E52B477005BFEEF /* Release */,
			);
			defaultConfigurationIsVisible = 0;
			defaultConfigurationName = Release;
		};
		0E033F952E52B477005BFEEF /* Build configuration list for PBXNativeTarget "YAKUSOKU" */ = {
			isa = XCConfigurationList;
			buildConfigurations = (
				0E033F962E52B477005BFEEF /* Debug */,
				0E033F972E52B477005BFEEF /* Release */,
			);
			defaultConfigurationIsVisible = 0;
			defaultConfigurationName = Release;
		};
		0E033F982E52B477005BFEEF /* Build configuration list for PBXNativeTarget "YAKUSOKUTests" */ = {
			isa = XCConfigurationList;
			buildConfigurations = (
				0E033F992E52B477005BFEEF /* Debug */,
				0E033F9A2E52B477005BFEEF /* Release */,
			);
			defaultConfigurationIsVisible = 0;
			defaultConfigurationName = Release;
		};
		0E033F9B2E52B477005BFEEF /* Build configuration list for PBXNativeTarget "YAKUSOKUUITests" */ = {
			isa = XCConfigurationList;
			buildConfigurations = (
				0E033F9C2E52B477005BFEEF /* Debug */,
				0E033F9D2E52B477005BFEEF /* Release */,
			);
			defaultConfigurationIsVisible = 0;
			defaultConfigurationName = Release;
		};
/* End XCConfigurationList section */
	};
	rootObject = 0E033F6A2E52B474005BFEEF /* Project object */;
}
